<?xml version="1.0" encoding="utf-8"?>
<Project ToolsVersion="4.0" xmlns="http://schemas.microsoft.com/developer/msbuild/2003">
  <ItemGroup>
    <Filter Include="ソース ファイル">
      <UniqueIdentifier>{4FC737F1-C7A5-4376-A066-2A32D752A2FF}</UniqueIdentifier>
      <Extensions>cpp;c;cc;cxx;c++;def;odl;idl;hpj;bat;asm;asmx</Extensions>
    </Filter>
    <Filter Include="ヘッダー ファイル">
      <UniqueIdentifier>{93995380-89BD-4b04-88EB-625FBE52EBFB}</UniqueIdentifier>
      <Extensions>h;hh;hpp;hxx;h++;hm;inl;inc;ipp;xsd</Extensions>
    </Filter>
    <Filter Include="リソース ファイル">
      <UniqueIdentifier>{67DA6AB6-F800-4c08-8B7A-83BB121AAD01}</UniqueIdentifier>
      <Extensions>rc;ico;cur;bmp;dlg;rc2;rct;bin;rgs;gif;jpg;jpeg;jpe;resx;tiff;tif;png;wav;mfcribbon-ms</Extensions>
    </Filter>
    <Filter Include="ソース ファイル\Character">
      <UniqueIdentifier>{3e224da9-aa94-429c-b1cf-5438b4ef9b76}</UniqueIdentifier>
    </Filter>
    <Filter Include="ソース ファイル\Maps">
      <UniqueIdentifier>{8ec9dcbe-685c-4326-9a8d-f181bfcdf4bb}</UniqueIdentifier>
    </Filter>
    <Filter Include="ヘッダー ファイル\Maps">
      <UniqueIdentifier>{73859567-2059-4635-a0a2-7bf06a99a328}</UniqueIdentifier>
    </Filter>
    <Filter Include="ソース ファイル\Scene">
      <UniqueIdentifier>{5356be41-8202-44d4-b834-a821bc5d0ff5}</UniqueIdentifier>
    </Filter>
    <Filter Include="ヘッダー ファイル\Scene">
      <UniqueIdentifier>{6afc688a-8683-4930-a86f-edbcf5a629ec}</UniqueIdentifier>
    </Filter>
    <Filter Include="ソース ファイル\Systems">
      <UniqueIdentifier>{b325a1ec-3bf0-4b85-8973-1365dce56bf9}</UniqueIdentifier>
    </Filter>
    <Filter Include="ヘッダー ファイル\Character">
      <UniqueIdentifier>{7f978df9-7d5d-4a58-bfce-1830305c922e}</UniqueIdentifier>
    </Filter>
    <Filter Include="ヘッダー ファイル\Systems">
      <UniqueIdentifier>{ab50b222-0301-472e-bde4-8e49f4767d0e}</UniqueIdentifier>
    </Filter>
  </ItemGroup>
  <ItemGroup>
    <ClCompile Include="source\scenemainplayer.cpp">
      <Filter>ソース ファイル\Character</Filter>
    </ClCompile>
    <ClCompile Include="source\input_map.cpp">
      <Filter>ソース ファイル\Maps</Filter>
    </ClCompile>
    <ClCompile Include="source\mapdata.cpp">
      <Filter>ソース ファイル\Maps</Filter>
    </ClCompile>
    <ClCompile Include="source\scenebase.cpp">
      <Filter>ソース ファイル\Scene</Filter>
    </ClCompile>
    <ClCompile Include="source\scenegamemain.cpp">
      <Filter>ソース ファイル\Scene</Filter>
    </ClCompile>
    <ClCompile Include="source\scenegameover.cpp">
      <Filter>ソース ファイル\Scene</Filter>
    </ClCompile>
    <ClCompile Include="source\scenegametitle.cpp">
      <Filter>ソース ファイル\Scene</Filter>
    </ClCompile>
    <ClCompile Include="source\winmain.cpp">
      <Filter>ソース ファイル\Systems</Filter>
    </ClCompile>
    <ClCompile Include="source\camera.cpp">
      <Filter>ソース ファイル\Systems</Filter>
    </ClCompile>
    <ClCompile Include="source\framedata.cpp">
      <Filter>ソース ファイル\Character</Filter>
    </ClCompile>
    <ClCompile Include="source\motiondata.cpp">
      <Filter>ソース ファイル\Character</Filter>
    </ClCompile>
    <ClCompile Include="source\mydraw.cpp">
      <Filter>ソース ファイル\Systems</Filter>
    </ClCompile>
    <ClCompile Include="source\gamemain.cpp">
      <Filter>ソース ファイル\Systems</Filter>
    </ClCompile>
    <ClCompile Include="source\gamepad.cpp">
      <Filter>ソース ファイル\Systems</Filter>
    </ClCompile>
    <ClCompile Include="source\scenemainenemy.cpp">
      <Filter>ソース ファイル\Character</Filter>
    </ClCompile>
    <ClCompile Include="source\scenemainarms.cpp">
      <Filter>ソース ファイル\Character</Filter>
    </ClCompile>
    <ClCompile Include="source\scenemainitem.cpp">
      <Filter>ソース ファイル\Character</Filter>
    </ClCompile>
    <ClCompile Include="source\scenegameresult.cpp">
      <Filter>ソース ファイル\Scene</Filter>
    </ClCompile>
    <ClCompile Include="source\scenegamesystem.cpp">
      <Filter>ソース ファイル\Systems</Filter>
    </ClCompile>
    <ClCompile Include="source\mymath.cpp">
      <Filter>ソース ファイル\Systems</Filter>
    </ClCompile>
    <ClCompile Include="source\Craft.cpp">
      <Filter>ソース ファイル\Systems</Filter>
    </ClCompile>
    <ClCompile Include="source\scenemaineffect.cpp">
      <Filter>ソース ファイル\Character</Filter>
    </ClCompile>
    <ClCompile Include="source\ui.cpp">
      <Filter>ソース ファイル\Scene</Filter>
    </ClCompile>
    <ClCompile Include="source\game_clock.cpp">
      <Filter>ソース ファイル\Systems</Filter>
    </ClCompile>
    <ClCompile Include="source\AddChara.cpp">
      <Filter>ソース ファイル\Character</Filter>
    </ClCompile>
    <ClCompile Include="source\LoadData.cpp">
      <Filter>ソース ファイル\Systems</Filter>
    </ClCompile>
    <ClCompile Include="source\scenemainobject.cpp">
      <Filter>ソース ファイル\Character</Filter>
    </ClCompile>
    <ClCompile Include="source\enemybullet.cpp">
      <Filter>ソース ファイル\Character</Filter>
    </ClCompile>
    <ClCompile Include="source\scenegamelogo.cpp">
      <Filter>ソース ファイル\Scene</Filter>
    </ClCompile>
  </ItemGroup>
  <ItemGroup>
    <ClInclude Include="source\map_create.h">
      <Filter>ヘッダー ファイル\Maps</Filter>
    </ClInclude>
    <ClInclude Include="source\map.h">
      <Filter>ヘッダー ファイル\Maps</Filter>
    </ClInclude>
    <ClInclude Include="source\layer.h">
      <Filter>ヘッダー ファイル\Maps</Filter>
    </ClInclude>
    <ClInclude Include="source\mapdata.h">
      <Filter>ヘッダー ファイル\Maps</Filter>
    </ClInclude>
    <ClInclude Include="source\scenegamemain.h">
      <Filter>ヘッダー ファイル\Scene</Filter>
    </ClInclude>
    <ClInclude Include="source\scenebase.h">
      <Filter>ヘッダー ファイル\Scene</Filter>
    </ClInclude>
    <ClInclude Include="source\scenegameover.h">
      <Filter>ヘッダー ファイル\Scene</Filter>
    </ClInclude>
    <ClInclude Include="source\scenegametitle.h">
      <Filter>ヘッダー ファイル\Scene</Filter>
    </ClInclude>
    <ClInclude Include="source\motiondata.h">
      <Filter>ヘッダー ファイル\Character</Filter>
    </ClInclude>
    <ClInclude Include="source\framedata.h">
      <Filter>ヘッダー ファイル\Character</Filter>
    </ClInclude>
    <ClInclude Include="source\camera.h">
      <Filter>ヘッダー ファイル\Systems</Filter>
    </ClInclude>
    <ClInclude Include="source\gamemain.h">
      <Filter>ヘッダー ファイル\Systems</Filter>
    </ClInclude>
    <ClInclude Include="source\gamepad.h">
      <Filter>ヘッダー ファイル\Systems</Filter>
    </ClInclude>
    <ClInclude Include="source\mydraw.h">
      <Filter>ヘッダー ファイル\Systems</Filter>
    </ClInclude>
    <ClInclude Include="source\winmain.h">
      <Filter>ヘッダー ファイル\Systems</Filter>
    </ClInclude>
    <ClInclude Include="source\scenegameresult.h">
      <Filter>ヘッダー ファイル\Scene</Filter>
    </ClInclude>
    <ClInclude Include="source\tiledObject.h">
      <Filter>ヘッダー ファイル\Maps</Filter>
    </ClInclude>
    <ClInclude Include="source\mymath.h">
      <Filter>ヘッダー ファイル\Systems</Filter>
    </ClInclude>
    <ClInclude Include="source\tiledata.h">
      <Filter>ヘッダー ファイル\Maps</Filter>
    </ClInclude>
    <ClInclude Include="source\ui.h">
      <Filter>ヘッダー ファイル\Scene</Filter>
    </ClInclude>
    <ClInclude Include="source\game_clock.h">
      <Filter>ヘッダー ファイル\Systems</Filter>
    </ClInclude>
    <ClInclude Include="source\StageData.h">
      <Filter>ヘッダー ファイル\Maps</Filter>
    </ClInclude>
    <ClInclude Include="source\scenegamelogo.h">
      <Filter>ヘッダー ファイル\Scene</Filter>
    </ClInclude>
  </ItemGroup>
</Project>